
Microsoft Visual Studio Solution File, Format Version 12.00
# Visual Studio Version 17
VisualStudioVersion = 17.8.34219.65
MinimumVisualStudioVersion = 10.0.40219.1
Project("{FAE04EC0-301F-11D3-BF4B-00C04F79EFBC}") = "BlazorWasm.Maps", "BlazorWasm.Maps\BlazorWasm.Maps.csproj", "{01E7AB30-D03F-4759-9238-5F7070025B3B}"
EndProject
Global
	GlobalSection(SolutionConfigurationPlatforms) = preSolution
		Debug|Any CPU = Debug|Any CPU
		Release|Any CPU = Release|Any CPU
	EndGlobalSection
	GlobalSection(ProjectConfigurationPlatforms) = postSolution
		{01E7AB30-D03F-4759-9238-5F7070025B3B}.Debug|Any CPU.ActiveCfg = Debug|Any CPU
		{01E7AB30-D03F-4759-9238-5F7070025B3B}.Debug|Any CPU.Build.0 = Debug|Any CPU
		{01E7AB30-D03F-4759-9238-5F7070025B3B}.Release|Any CPU.ActiveCfg = Release|Any CPU
		{01E7AB30-D03F-4759-9238-5F7070025B3B}.Release|Any CPU.Build.0 = Release|Any CPU
	EndGlobalSection
	GlobalSection(SolutionProperties) = preSolution
		HideSolutionNode = FALSE
	EndGlobalSection
	GlobalSection(ExtensibilityGlobals) = postSolution
		SolutionGuid = {41B86E33-84D3-41D5-B016-59D36AD1E08A}
	EndGlobalSection
EndGlobal
